
Microsoft Visual Studio Solution File, Format Version 12.00
# Visual Studio Version 16
VisualStudioVersion = 16.0.31129.286
MinimumVisualStudioVersion = 10.0.40219.1
Project("{FAE04EC0-301F-11D3-BF4B-00C04F79EFBC}") = "Repaso", "Repaso\Repaso.csproj", "{FF408E21-0342-460D-ACB3-751959BD2F7A}"
EndProject
Project("{FAE04EC0-301F-11D3-BF4B-00C04F79EFBC}") = "Clases", "Clases\Clases.csproj", "{4A8C41B4-F2BF-4BBB-A8B4-FC80EDFB4817}"
EndProject
Global
	GlobalSection(SolutionConfigurationPlatforms) = preSolution
		Debug|Any CPU = Debug|Any CPU
		Release|Any CPU = Release|Any CPU
	EndGlobalSection
	GlobalSection(ProjectConfigurationPlatforms) = postSolution
		{FF408E21-0342-460D-ACB3-751959BD2F7A}.Debug|Any CPU.ActiveCfg = Debug|Any CPU
		{FF408E21-0342-460D-ACB3-751959BD2F7A}.Debug|Any CPU.Build.0 = Debug|Any CPU
		{FF408E21-0342-460D-ACB3-751959BD2F7A}.Release|Any CPU.ActiveCfg = Release|Any CPU
		{FF408E21-0342-460D-ACB3-751959BD2F7A}.Release|Any CPU.Build.0 = Release|Any CPU
		{4A8C41B4-F2BF-4BBB-A8B4-FC80EDFB4817}.Debug|Any CPU.ActiveCfg = Debug|Any CPU
		{4A8C41B4-F2BF-4BBB-A8B4-FC80EDFB4817}.Debug|Any CPU.Build.0 = Debug|Any CPU
		{4A8C41B4-F2BF-4BBB-A8B4-FC80EDFB4817}.Release|Any CPU.ActiveCfg = Release|Any CPU
		{4A8C41B4-F2BF-4BBB-A8B4-FC80EDFB4817}.Release|Any CPU.Build.0 = Release|Any CPU
	EndGlobalSection
	GlobalSection(SolutionProperties) = preSolution
		HideSolutionNode = FALSE
	EndGlobalSection
	GlobalSection(ExtensibilityGlobals) = postSolution
		SolutionGuid = {CF3B9B2E-CF61-47C3-9F69-59FC7903FC7D}
	EndGlobalSection
EndGlobal
