
Microsoft Visual Studio Solution File, Format Version 12.00
# Visual Studio Version 16
VisualStudioVersion = 16.0.31313.79
MinimumVisualStudioVersion = 10.0.40219.1
Project("{FAE04EC0-301F-11D3-BF4B-00C04F79EFBC}") = "VistaForm", "ModeloEquipo\VistaForm.csproj", "{D59EC814-D407-463D-B050-DE593F378E05}"
EndProject
Project("{FAE04EC0-301F-11D3-BF4B-00C04F79EFBC}") = "Entidades", "Entidades\Entidades.csproj", "{B67428A2-05CD-4ADB-AF6E-8599B76564FA}"
EndProject
Project("{FAE04EC0-301F-11D3-BF4B-00C04F79EFBC}") = "VistaConsola", "VistaConsola\VistaConsola.csproj", "{BEDFC5D4-DBA0-4AB9-8E49-B4DAB682497B}"
EndProject
Global
	GlobalSection(SolutionConfigurationPlatforms) = preSolution
		Debug|Any CPU = Debug|Any CPU
		Release|Any CPU = Release|Any CPU
	EndGlobalSection
	GlobalSection(ProjectConfigurationPlatforms) = postSolution
		{D59EC814-D407-463D-B050-DE593F378E05}.Debug|Any CPU.ActiveCfg = Debug|Any CPU
		{D59EC814-D407-463D-B050-DE593F378E05}.Debug|Any CPU.Build.0 = Debug|Any CPU
		{D59EC814-D407-463D-B050-DE593F378E05}.Release|Any CPU.ActiveCfg = Release|Any CPU
		{D59EC814-D407-463D-B050-DE593F378E05}.Release|Any CPU.Build.0 = Release|Any CPU
		{B67428A2-05CD-4ADB-AF6E-8599B76564FA}.Debug|Any CPU.ActiveCfg = Debug|Any CPU
		{B67428A2-05CD-4ADB-AF6E-8599B76564FA}.Debug|Any CPU.Build.0 = Debug|Any CPU
		{B67428A2-05CD-4ADB-AF6E-8599B76564FA}.Release|Any CPU.ActiveCfg = Release|Any CPU
		{B67428A2-05CD-4ADB-AF6E-8599B76564FA}.Release|Any CPU.Build.0 = Release|Any CPU
		{BEDFC5D4-DBA0-4AB9-8E49-B4DAB682497B}.Debug|Any CPU.ActiveCfg = Debug|Any CPU
		{BEDFC5D4-DBA0-4AB9-8E49-B4DAB682497B}.Debug|Any CPU.Build.0 = Debug|Any CPU
		{BEDFC5D4-DBA0-4AB9-8E49-B4DAB682497B}.Release|Any CPU.ActiveCfg = Release|Any CPU
		{BEDFC5D4-DBA0-4AB9-8E49-B4DAB682497B}.Release|Any CPU.Build.0 = Release|Any CPU
	EndGlobalSection
	GlobalSection(SolutionProperties) = preSolution
		HideSolutionNode = FALSE
	EndGlobalSection
	GlobalSection(ExtensibilityGlobals) = postSolution
		SolutionGuid = {9D78C553-2682-424F-8EAE-0BD9738C5CD7}
	EndGlobalSection
EndGlobal
