
Microsoft Visual Studio Solution File, Format Version 12.00
# Visual Studio Version 16
VisualStudioVersion = 16.0.31402.337
MinimumVisualStudioVersion = 10.0.40219.1
Project("{FAE04EC0-301F-11D3-BF4B-00C04F79EFBC}") = "20210717-RSP - alumno", "20210717-RSP - alumno\20210717-RSP - alumno.csproj", "{ADFE758C-B60A-4BE1-A701-DEC7203049C4}"
EndProject
Project("{FAE04EC0-301F-11D3-BF4B-00C04F79EFBC}") = "Entidades", "Entidades\Entidades.csproj", "{87CCEA85-1824-4D30-BB50-56945E99D929}"
EndProject
Project("{FAE04EC0-301F-11D3-BF4B-00C04F79EFBC}") = "Test_Unitarios", "Test_Unitarios\Test_Unitarios.csproj", "{A35E562B-B590-4E8C-B3A2-8D98A03016E9}"
EndProject
Global
	GlobalSection(SolutionConfigurationPlatforms) = preSolution
		Debug|Any CPU = Debug|Any CPU
		Release|Any CPU = Release|Any CPU
	EndGlobalSection
	GlobalSection(ProjectConfigurationPlatforms) = postSolution
		{ADFE758C-B60A-4BE1-A701-DEC7203049C4}.Debug|Any CPU.ActiveCfg = Debug|Any CPU
		{ADFE758C-B60A-4BE1-A701-DEC7203049C4}.Debug|Any CPU.Build.0 = Debug|Any CPU
		{ADFE758C-B60A-4BE1-A701-DEC7203049C4}.Release|Any CPU.ActiveCfg = Release|Any CPU
		{ADFE758C-B60A-4BE1-A701-DEC7203049C4}.Release|Any CPU.Build.0 = Release|Any CPU
		{87CCEA85-1824-4D30-BB50-56945E99D929}.Debug|Any CPU.ActiveCfg = Debug|Any CPU
		{87CCEA85-1824-4D30-BB50-56945E99D929}.Debug|Any CPU.Build.0 = Debug|Any CPU
		{87CCEA85-1824-4D30-BB50-56945E99D929}.Release|Any CPU.ActiveCfg = Release|Any CPU
		{87CCEA85-1824-4D30-BB50-56945E99D929}.Release|Any CPU.Build.0 = Release|Any CPU
		{A35E562B-B590-4E8C-B3A2-8D98A03016E9}.Debug|Any CPU.ActiveCfg = Debug|Any CPU
		{A35E562B-B590-4E8C-B3A2-8D98A03016E9}.Debug|Any CPU.Build.0 = Debug|Any CPU
		{A35E562B-B590-4E8C-B3A2-8D98A03016E9}.Release|Any CPU.ActiveCfg = Release|Any CPU
		{A35E562B-B590-4E8C-B3A2-8D98A03016E9}.Release|Any CPU.Build.0 = Release|Any CPU
	EndGlobalSection
	GlobalSection(SolutionProperties) = preSolution
		HideSolutionNode = FALSE
	EndGlobalSection
	GlobalSection(ExtensibilityGlobals) = postSolution
		SolutionGuid = {DBFB7041-7B9B-4358-B9B1-131E3BC197EC}
	EndGlobalSection
EndGlobal
