
Microsoft Visual Studio Solution File, Format Version 12.00
# Visual Studio Version 16
VisualStudioVersion = 16.0.31105.61
MinimumVisualStudioVersion = 10.0.40219.1
Project("{FAE04EC0-301F-11D3-BF4B-00C04F79EFBC}") = "Clase01_ej1", "Clase01\Clase01_ej1.csproj", "{904E0EBA-49F0-445A-9473-726796A3F954}"
EndProject
Project("{FAE04EC0-301F-11D3-BF4B-00C04F79EFBC}") = "Guia_01", "Guia_01\Guia_01.csproj", "{0DCEAEE5-2612-4714-9C29-07968AAE8899}"
EndProject
Project("{FAE04EC0-301F-11D3-BF4B-00C04F79EFBC}") = "Guia_02", "Guia_02\Guia_02.csproj", "{0AD4F096-7E20-4DFF-9B28-A2A8EAEA016F}"
EndProject
Project("{FAE04EC0-301F-11D3-BF4B-00C04F79EFBC}") = "Guia_03", "ClassLibrary1\Guia_03.csproj", "{FBBCE570-1C95-4F17-A4F6-C10ABF475036}"
EndProject
Global
	GlobalSection(SolutionConfigurationPlatforms) = preSolution
		Debug|Any CPU = Debug|Any CPU
		Release|Any CPU = Release|Any CPU
	EndGlobalSection
	GlobalSection(ProjectConfigurationPlatforms) = postSolution
		{904E0EBA-49F0-445A-9473-726796A3F954}.Debug|Any CPU.ActiveCfg = Debug|Any CPU
		{904E0EBA-49F0-445A-9473-726796A3F954}.Debug|Any CPU.Build.0 = Debug|Any CPU
		{904E0EBA-49F0-445A-9473-726796A3F954}.Release|Any CPU.ActiveCfg = Release|Any CPU
		{904E0EBA-49F0-445A-9473-726796A3F954}.Release|Any CPU.Build.0 = Release|Any CPU
		{0DCEAEE5-2612-4714-9C29-07968AAE8899}.Debug|Any CPU.ActiveCfg = Debug|Any CPU
		{0DCEAEE5-2612-4714-9C29-07968AAE8899}.Debug|Any CPU.Build.0 = Debug|Any CPU
		{0DCEAEE5-2612-4714-9C29-07968AAE8899}.Release|Any CPU.ActiveCfg = Release|Any CPU
		{0DCEAEE5-2612-4714-9C29-07968AAE8899}.Release|Any CPU.Build.0 = Release|Any CPU
		{0AD4F096-7E20-4DFF-9B28-A2A8EAEA016F}.Debug|Any CPU.ActiveCfg = Debug|Any CPU
		{0AD4F096-7E20-4DFF-9B28-A2A8EAEA016F}.Debug|Any CPU.Build.0 = Debug|Any CPU
		{0AD4F096-7E20-4DFF-9B28-A2A8EAEA016F}.Release|Any CPU.ActiveCfg = Release|Any CPU
		{0AD4F096-7E20-4DFF-9B28-A2A8EAEA016F}.Release|Any CPU.Build.0 = Release|Any CPU
		{FBBCE570-1C95-4F17-A4F6-C10ABF475036}.Debug|Any CPU.ActiveCfg = Debug|Any CPU
		{FBBCE570-1C95-4F17-A4F6-C10ABF475036}.Debug|Any CPU.Build.0 = Debug|Any CPU
		{FBBCE570-1C95-4F17-A4F6-C10ABF475036}.Release|Any CPU.ActiveCfg = Release|Any CPU
		{FBBCE570-1C95-4F17-A4F6-C10ABF475036}.Release|Any CPU.Build.0 = Release|Any CPU
	EndGlobalSection
	GlobalSection(SolutionProperties) = preSolution
		HideSolutionNode = FALSE
	EndGlobalSection
	GlobalSection(ExtensibilityGlobals) = postSolution
		SolutionGuid = {82755294-3B2F-4886-B702-83DED0F21C53}
	EndGlobalSection
EndGlobal
