
Microsoft Visual Studio Solution File, Format Version 12.00
# Visual Studio Version 16
VisualStudioVersion = 16.0.31112.23
MinimumVisualStudioVersion = 10.0.40219.1
Project("{FAE04EC0-301F-11D3-BF4B-00C04F79EFBC}") = "Ejercicio_07", "Ejercicio_07.csproj", "{69A9556D-0A79-4E06-8D95-9F8CF5310B44}"
EndProject
Global
	GlobalSection(SolutionConfigurationPlatforms) = preSolution
		Debug|Any CPU = Debug|Any CPU
		Release|Any CPU = Release|Any CPU
	EndGlobalSection
	GlobalSection(ProjectConfigurationPlatforms) = postSolution
		{69A9556D-0A79-4E06-8D95-9F8CF5310B44}.Debug|Any CPU.ActiveCfg = Debug|Any CPU
		{69A9556D-0A79-4E06-8D95-9F8CF5310B44}.Debug|Any CPU.Build.0 = Debug|Any CPU
		{69A9556D-0A79-4E06-8D95-9F8CF5310B44}.Release|Any CPU.ActiveCfg = Release|Any CPU
		{69A9556D-0A79-4E06-8D95-9F8CF5310B44}.Release|Any CPU.Build.0 = Release|Any CPU
	EndGlobalSection
	GlobalSection(SolutionProperties) = preSolution
		HideSolutionNode = FALSE
	EndGlobalSection
	GlobalSection(ExtensibilityGlobals) = postSolution
		SolutionGuid = {AB8A7659-7572-4FDD-99FC-FB030188A36B}
	EndGlobalSection
EndGlobal
