
Microsoft Visual Studio Solution File, Format Version 12.00
# Visual Studio Version 16
VisualStudioVersion = 16.0.31112.23
MinimumVisualStudioVersion = 10.0.40219.1
Project("{FAE04EC0-301F-11D3-BF4B-00C04F79EFBC}") = "Ejercicio_16", "Ejercicio_16.csproj", "{3D39E4BF-6D9C-484C-A8C5-86F616E4A1B5}"
EndProject
Global
	GlobalSection(SolutionConfigurationPlatforms) = preSolution
		Debug|Any CPU = Debug|Any CPU
		Release|Any CPU = Release|Any CPU
	EndGlobalSection
	GlobalSection(ProjectConfigurationPlatforms) = postSolution
		{3D39E4BF-6D9C-484C-A8C5-86F616E4A1B5}.Debug|Any CPU.ActiveCfg = Debug|Any CPU
		{3D39E4BF-6D9C-484C-A8C5-86F616E4A1B5}.Debug|Any CPU.Build.0 = Debug|Any CPU
		{3D39E4BF-6D9C-484C-A8C5-86F616E4A1B5}.Release|Any CPU.ActiveCfg = Release|Any CPU
		{3D39E4BF-6D9C-484C-A8C5-86F616E4A1B5}.Release|Any CPU.Build.0 = Release|Any CPU
	EndGlobalSection
	GlobalSection(SolutionProperties) = preSolution
		HideSolutionNode = FALSE
	EndGlobalSection
	GlobalSection(ExtensibilityGlobals) = postSolution
		SolutionGuid = {D3AFF38A-B348-4E5D-A07E-52C26A8F5257}
	EndGlobalSection
EndGlobal
