
Microsoft Visual Studio Solution File, Format Version 12.00
# Visual Studio Version 16
VisualStudioVersion = 16.0.31129.286
MinimumVisualStudioVersion = 10.0.40219.1
Project("{FAE04EC0-301F-11D3-BF4B-00C04F79EFBC}") = "Ejercicio_20", "Ejercicio_20\Ejercicio_20.csproj", "{DF59FADA-6BF5-4E48-8484-4E32EE53D947}"
EndProject
Project("{FAE04EC0-301F-11D3-BF4B-00C04F79EFBC}") = "Billetes", "Billetes\Billetes.csproj", "{5613D79D-6E1D-49DA-BE70-857F468B0599}"
EndProject
Global
	GlobalSection(SolutionConfigurationPlatforms) = preSolution
		Debug|Any CPU = Debug|Any CPU
		Release|Any CPU = Release|Any CPU
	EndGlobalSection
	GlobalSection(ProjectConfigurationPlatforms) = postSolution
		{DF59FADA-6BF5-4E48-8484-4E32EE53D947}.Debug|Any CPU.ActiveCfg = Debug|Any CPU
		{DF59FADA-6BF5-4E48-8484-4E32EE53D947}.Debug|Any CPU.Build.0 = Debug|Any CPU
		{DF59FADA-6BF5-4E48-8484-4E32EE53D947}.Release|Any CPU.ActiveCfg = Release|Any CPU
		{DF59FADA-6BF5-4E48-8484-4E32EE53D947}.Release|Any CPU.Build.0 = Release|Any CPU
		{5613D79D-6E1D-49DA-BE70-857F468B0599}.Debug|Any CPU.ActiveCfg = Debug|Any CPU
		{5613D79D-6E1D-49DA-BE70-857F468B0599}.Debug|Any CPU.Build.0 = Debug|Any CPU
		{5613D79D-6E1D-49DA-BE70-857F468B0599}.Release|Any CPU.ActiveCfg = Release|Any CPU
		{5613D79D-6E1D-49DA-BE70-857F468B0599}.Release|Any CPU.Build.0 = Release|Any CPU
	EndGlobalSection
	GlobalSection(SolutionProperties) = preSolution
		HideSolutionNode = FALSE
	EndGlobalSection
	GlobalSection(ExtensibilityGlobals) = postSolution
		SolutionGuid = {D1983FDD-13EF-45EA-93E8-66617A1D3578}
	EndGlobalSection
EndGlobal
