
Microsoft Visual Studio Solution File, Format Version 12.00
# Visual Studio Version 16
VisualStudioVersion = 16.0.31112.23
MinimumVisualStudioVersion = 10.0.40219.1
Project("{FAE04EC0-301F-11D3-BF4B-00C04F79EFBC}") = "Ejercicio_13", "Ejercicio_13.csproj", "{687DC02B-E883-41D7-9660-0F0B97F248FB}"
EndProject
Global
	GlobalSection(SolutionConfigurationPlatforms) = preSolution
		Debug|Any CPU = Debug|Any CPU
		Release|Any CPU = Release|Any CPU
	EndGlobalSection
	GlobalSection(ProjectConfigurationPlatforms) = postSolution
		{687DC02B-E883-41D7-9660-0F0B97F248FB}.Debug|Any CPU.ActiveCfg = Debug|Any CPU
		{687DC02B-E883-41D7-9660-0F0B97F248FB}.Debug|Any CPU.Build.0 = Debug|Any CPU
		{687DC02B-E883-41D7-9660-0F0B97F248FB}.Release|Any CPU.ActiveCfg = Release|Any CPU
		{687DC02B-E883-41D7-9660-0F0B97F248FB}.Release|Any CPU.Build.0 = Release|Any CPU
	EndGlobalSection
	GlobalSection(SolutionProperties) = preSolution
		HideSolutionNode = FALSE
	EndGlobalSection
	GlobalSection(ExtensibilityGlobals) = postSolution
		SolutionGuid = {12861DFA-707A-4DB3-B41A-0A4CD16AE8FD}
	EndGlobalSection
EndGlobal
