
Microsoft Visual Studio Solution File, Format Version 12.00
# Visual Studio Version 16
VisualStudioVersion = 16.0.31321.278
MinimumVisualStudioVersion = 10.0.40219.1
Project("{FAE04EC0-301F-11D3-BF4B-00C04F79EFBC}") = "Clase_17_Generics", "Clase_17_Generics\Clase_17_Generics.csproj", "{7EF1AB1E-ED4E-4EF4-848C-12CEF19034F7}"
EndProject
Project("{FAE04EC0-301F-11D3-BF4B-00C04F79EFBC}") = "Entidades", "Entidades\Entidades.csproj", "{B8D17DC4-3AF1-46F3-A464-D42D2650AB13}"
EndProject
Global
	GlobalSection(SolutionConfigurationPlatforms) = preSolution
		Debug|Any CPU = Debug|Any CPU
		Release|Any CPU = Release|Any CPU
	EndGlobalSection
	GlobalSection(ProjectConfigurationPlatforms) = postSolution
		{7EF1AB1E-ED4E-4EF4-848C-12CEF19034F7}.Debug|Any CPU.ActiveCfg = Debug|Any CPU
		{7EF1AB1E-ED4E-4EF4-848C-12CEF19034F7}.Debug|Any CPU.Build.0 = Debug|Any CPU
		{7EF1AB1E-ED4E-4EF4-848C-12CEF19034F7}.Release|Any CPU.ActiveCfg = Release|Any CPU
		{7EF1AB1E-ED4E-4EF4-848C-12CEF19034F7}.Release|Any CPU.Build.0 = Release|Any CPU
		{B8D17DC4-3AF1-46F3-A464-D42D2650AB13}.Debug|Any CPU.ActiveCfg = Debug|Any CPU
		{B8D17DC4-3AF1-46F3-A464-D42D2650AB13}.Debug|Any CPU.Build.0 = Debug|Any CPU
		{B8D17DC4-3AF1-46F3-A464-D42D2650AB13}.Release|Any CPU.ActiveCfg = Release|Any CPU
		{B8D17DC4-3AF1-46F3-A464-D42D2650AB13}.Release|Any CPU.Build.0 = Release|Any CPU
	EndGlobalSection
	GlobalSection(SolutionProperties) = preSolution
		HideSolutionNode = FALSE
	EndGlobalSection
	GlobalSection(ExtensibilityGlobals) = postSolution
		SolutionGuid = {CE41C6A9-1BFC-4F9D-9DCA-797C16B44FBA}
	EndGlobalSection
EndGlobal
