
Microsoft Visual Studio Solution File, Format Version 12.00
# Visual Studio Version 16
VisualStudioVersion = 16.0.31205.134
MinimumVisualStudioVersion = 10.0.40219.1
Project("{FAE04EC0-301F-11D3-BF4B-00C04F79EFBC}") = "Vista", "Vista\Vista.csproj", "{10837B33-3D80-4AF9-AEDB-816DB051EF41}"
EndProject
Global
	GlobalSection(SolutionConfigurationPlatforms) = preSolution
		Debug|Any CPU = Debug|Any CPU
		Release|Any CPU = Release|Any CPU
	EndGlobalSection
	GlobalSection(ProjectConfigurationPlatforms) = postSolution
		{10837B33-3D80-4AF9-AEDB-816DB051EF41}.Debug|Any CPU.ActiveCfg = Debug|Any CPU
		{10837B33-3D80-4AF9-AEDB-816DB051EF41}.Debug|Any CPU.Build.0 = Debug|Any CPU
		{10837B33-3D80-4AF9-AEDB-816DB051EF41}.Release|Any CPU.ActiveCfg = Release|Any CPU
		{10837B33-3D80-4AF9-AEDB-816DB051EF41}.Release|Any CPU.Build.0 = Release|Any CPU
	EndGlobalSection
	GlobalSection(SolutionProperties) = preSolution
		HideSolutionNode = FALSE
	EndGlobalSection
	GlobalSection(ExtensibilityGlobals) = postSolution
		SolutionGuid = {9408208F-9E70-4468-B100-E3AE82F3ABFF}
	EndGlobalSection
EndGlobal
