
Microsoft Visual Studio Solution File, Format Version 12.00
# Visual Studio Version 16
VisualStudioVersion = 16.0.31321.278
MinimumVisualStudioVersion = 10.0.40219.1
Project("{FAE04EC0-301F-11D3-BF4B-00C04F79EFBC}") = "Formulario", "Formulario\Formulario.csproj", "{2F544512-3E34-4563-BBDB-30B44FEFD33E}"
EndProject
Project("{FAE04EC0-301F-11D3-BF4B-00C04F79EFBC}") = "Entidades", "Entidades\Entidades.csproj", "{DCBBFEA5-BB53-494C-86AC-636ABEFAB5EE}"
EndProject
Global
	GlobalSection(SolutionConfigurationPlatforms) = preSolution
		Debug|Any CPU = Debug|Any CPU
		Release|Any CPU = Release|Any CPU
	EndGlobalSection
	GlobalSection(ProjectConfigurationPlatforms) = postSolution
		{2F544512-3E34-4563-BBDB-30B44FEFD33E}.Debug|Any CPU.ActiveCfg = Debug|Any CPU
		{2F544512-3E34-4563-BBDB-30B44FEFD33E}.Debug|Any CPU.Build.0 = Debug|Any CPU
		{2F544512-3E34-4563-BBDB-30B44FEFD33E}.Release|Any CPU.ActiveCfg = Release|Any CPU
		{2F544512-3E34-4563-BBDB-30B44FEFD33E}.Release|Any CPU.Build.0 = Release|Any CPU
		{DCBBFEA5-BB53-494C-86AC-636ABEFAB5EE}.Debug|Any CPU.ActiveCfg = Debug|Any CPU
		{DCBBFEA5-BB53-494C-86AC-636ABEFAB5EE}.Debug|Any CPU.Build.0 = Debug|Any CPU
		{DCBBFEA5-BB53-494C-86AC-636ABEFAB5EE}.Release|Any CPU.ActiveCfg = Release|Any CPU
		{DCBBFEA5-BB53-494C-86AC-636ABEFAB5EE}.Release|Any CPU.Build.0 = Release|Any CPU
	EndGlobalSection
	GlobalSection(SolutionProperties) = preSolution
		HideSolutionNode = FALSE
	EndGlobalSection
	GlobalSection(ExtensibilityGlobals) = postSolution
		SolutionGuid = {4F6D953A-FF49-4799-A2F9-123BDE4B37CE}
	EndGlobalSection
EndGlobal
