
Microsoft Visual Studio Solution File, Format Version 12.00
# Visual Studio Version 16
VisualStudioVersion = 16.0.31321.278
MinimumVisualStudioVersion = 10.0.40219.1
Project("{FAE04EC0-301F-11D3-BF4B-00C04F79EFBC}") = "Consola", "Clase_17_Generics2\Consola.csproj", "{6729D7C3-CE46-4C30-883E-489E125F88F4}"
EndProject
Project("{FAE04EC0-301F-11D3-BF4B-00C04F79EFBC}") = "Entidades", "Entidades\Entidades.csproj", "{CBF20841-2F3A-4098-A677-7E5EC2C7A2BC}"
EndProject
Global
	GlobalSection(SolutionConfigurationPlatforms) = preSolution
		Debug|Any CPU = Debug|Any CPU
		Release|Any CPU = Release|Any CPU
	EndGlobalSection
	GlobalSection(ProjectConfigurationPlatforms) = postSolution
		{6729D7C3-CE46-4C30-883E-489E125F88F4}.Debug|Any CPU.ActiveCfg = Debug|Any CPU
		{6729D7C3-CE46-4C30-883E-489E125F88F4}.Debug|Any CPU.Build.0 = Debug|Any CPU
		{6729D7C3-CE46-4C30-883E-489E125F88F4}.Release|Any CPU.ActiveCfg = Release|Any CPU
		{6729D7C3-CE46-4C30-883E-489E125F88F4}.Release|Any CPU.Build.0 = Release|Any CPU
		{CBF20841-2F3A-4098-A677-7E5EC2C7A2BC}.Debug|Any CPU.ActiveCfg = Debug|Any CPU
		{CBF20841-2F3A-4098-A677-7E5EC2C7A2BC}.Debug|Any CPU.Build.0 = Debug|Any CPU
		{CBF20841-2F3A-4098-A677-7E5EC2C7A2BC}.Release|Any CPU.ActiveCfg = Release|Any CPU
		{CBF20841-2F3A-4098-A677-7E5EC2C7A2BC}.Release|Any CPU.Build.0 = Release|Any CPU
	EndGlobalSection
	GlobalSection(SolutionProperties) = preSolution
		HideSolutionNode = FALSE
	EndGlobalSection
	GlobalSection(ExtensibilityGlobals) = postSolution
		SolutionGuid = {2FD44FFA-ABD6-4453-90EC-CA178763E408}
	EndGlobalSection
EndGlobal
