
Microsoft Visual Studio Solution File, Format Version 12.00
# Visual Studio Version 16
VisualStudioVersion = 16.0.31229.75
MinimumVisualStudioVersion = 10.0.40219.1
Project("{FAE04EC0-301F-11D3-BF4B-00C04F79EFBC}") = "Ej_01", "Clase_15\Ej_01.csproj", "{C97A5E05-B063-44F9-9D8C-B7477E39D67E}"
EndProject
Project("{FAE04EC0-301F-11D3-BF4B-00C04F79EFBC}") = "Ej_02", "Ej_02\Ej_02.csproj", "{6EE26139-A4C1-4973-870E-5A65ECAC3171}"
EndProject
Project("{FAE04EC0-301F-11D3-BF4B-00C04F79EFBC}") = "Ej_03", "Ej_03\Ej_03.csproj", "{19C20236-7479-4038-8580-BA0D275F3025}"
EndProject
Project("{FAE04EC0-301F-11D3-BF4B-00C04F79EFBC}") = "Ej_04", "Ej_04\Ej_04.csproj", "{6AFEB89F-B629-489D-B03C-13E04474BCF4}"
EndProject
Project("{FAE04EC0-301F-11D3-BF4B-00C04F79EFBC}") = "Ej_05", "Ej_05\Ej_05.csproj", "{E45379CA-7F6B-4B95-BE9D-671E3CA66989}"
EndProject
Global
	GlobalSection(SolutionConfigurationPlatforms) = preSolution
		Debug|Any CPU = Debug|Any CPU
		Release|Any CPU = Release|Any CPU
	EndGlobalSection
	GlobalSection(ProjectConfigurationPlatforms) = postSolution
		{C97A5E05-B063-44F9-9D8C-B7477E39D67E}.Debug|Any CPU.ActiveCfg = Debug|Any CPU
		{C97A5E05-B063-44F9-9D8C-B7477E39D67E}.Debug|Any CPU.Build.0 = Debug|Any CPU
		{C97A5E05-B063-44F9-9D8C-B7477E39D67E}.Release|Any CPU.ActiveCfg = Release|Any CPU
		{C97A5E05-B063-44F9-9D8C-B7477E39D67E}.Release|Any CPU.Build.0 = Release|Any CPU
		{6EE26139-A4C1-4973-870E-5A65ECAC3171}.Debug|Any CPU.ActiveCfg = Debug|Any CPU
		{6EE26139-A4C1-4973-870E-5A65ECAC3171}.Debug|Any CPU.Build.0 = Debug|Any CPU
		{6EE26139-A4C1-4973-870E-5A65ECAC3171}.Release|Any CPU.ActiveCfg = Release|Any CPU
		{6EE26139-A4C1-4973-870E-5A65ECAC3171}.Release|Any CPU.Build.0 = Release|Any CPU
		{19C20236-7479-4038-8580-BA0D275F3025}.Debug|Any CPU.ActiveCfg = Debug|Any CPU
		{19C20236-7479-4038-8580-BA0D275F3025}.Debug|Any CPU.Build.0 = Debug|Any CPU
		{19C20236-7479-4038-8580-BA0D275F3025}.Release|Any CPU.ActiveCfg = Release|Any CPU
		{19C20236-7479-4038-8580-BA0D275F3025}.Release|Any CPU.Build.0 = Release|Any CPU
		{6AFEB89F-B629-489D-B03C-13E04474BCF4}.Debug|Any CPU.ActiveCfg = Debug|Any CPU
		{6AFEB89F-B629-489D-B03C-13E04474BCF4}.Debug|Any CPU.Build.0 = Debug|Any CPU
		{6AFEB89F-B629-489D-B03C-13E04474BCF4}.Release|Any CPU.ActiveCfg = Release|Any CPU
		{6AFEB89F-B629-489D-B03C-13E04474BCF4}.Release|Any CPU.Build.0 = Release|Any CPU
		{E45379CA-7F6B-4B95-BE9D-671E3CA66989}.Debug|Any CPU.ActiveCfg = Debug|Any CPU
		{E45379CA-7F6B-4B95-BE9D-671E3CA66989}.Debug|Any CPU.Build.0 = Debug|Any CPU
		{E45379CA-7F6B-4B95-BE9D-671E3CA66989}.Release|Any CPU.ActiveCfg = Release|Any CPU
		{E45379CA-7F6B-4B95-BE9D-671E3CA66989}.Release|Any CPU.Build.0 = Release|Any CPU
	EndGlobalSection
	GlobalSection(SolutionProperties) = preSolution
		HideSolutionNode = FALSE
	EndGlobalSection
	GlobalSection(ExtensibilityGlobals) = postSolution
		SolutionGuid = {380962B9-C585-4758-8B55-B29220F3964A}
	EndGlobalSection
EndGlobal
