
Microsoft Visual Studio Solution File, Format Version 12.00
# Visual Studio Version 16
VisualStudioVersion = 16.0.31321.278
MinimumVisualStudioVersion = 10.0.40219.1
Project("{FAE04EC0-301F-11D3-BF4B-00C04F79EFBC}") = "Entidades", "Entidades\Entidades.csproj", "{9A89EA55-72AB-4CF3-B43D-1EADC7A537DF}"
EndProject
Project("{FAE04EC0-301F-11D3-BF4B-00C04F79EFBC}") = "Consola", "Consola\Consola.csproj", "{7461B668-8081-4E1B-876E-BF8DB4038FD2}"
EndProject
Global
	GlobalSection(SolutionConfigurationPlatforms) = preSolution
		Debug|Any CPU = Debug|Any CPU
		Release|Any CPU = Release|Any CPU
	EndGlobalSection
	GlobalSection(ProjectConfigurationPlatforms) = postSolution
		{9A89EA55-72AB-4CF3-B43D-1EADC7A537DF}.Debug|Any CPU.ActiveCfg = Debug|Any CPU
		{9A89EA55-72AB-4CF3-B43D-1EADC7A537DF}.Debug|Any CPU.Build.0 = Debug|Any CPU
		{9A89EA55-72AB-4CF3-B43D-1EADC7A537DF}.Release|Any CPU.ActiveCfg = Release|Any CPU
		{9A89EA55-72AB-4CF3-B43D-1EADC7A537DF}.Release|Any CPU.Build.0 = Release|Any CPU
		{7461B668-8081-4E1B-876E-BF8DB4038FD2}.Debug|Any CPU.ActiveCfg = Debug|Any CPU
		{7461B668-8081-4E1B-876E-BF8DB4038FD2}.Debug|Any CPU.Build.0 = Debug|Any CPU
		{7461B668-8081-4E1B-876E-BF8DB4038FD2}.Release|Any CPU.ActiveCfg = Release|Any CPU
		{7461B668-8081-4E1B-876E-BF8DB4038FD2}.Release|Any CPU.Build.0 = Release|Any CPU
	EndGlobalSection
	GlobalSection(SolutionProperties) = preSolution
		HideSolutionNode = FALSE
	EndGlobalSection
	GlobalSection(ExtensibilityGlobals) = postSolution
		SolutionGuid = {9ADE4C82-52D0-4A48-BB16-910D0AAE5990}
	EndGlobalSection
EndGlobal
