
Microsoft Visual Studio Solution File, Format Version 12.00
# Visual Studio Version 16
VisualStudioVersion = 16.0.31112.23
MinimumVisualStudioVersion = 10.0.40219.1
Project("{FAE04EC0-301F-11D3-BF4B-00C04F79EFBC}") = "Ejercicio_09", "Ejercicio_09.csproj", "{B4FF0189-16D0-447E-AFED-F038BFC4949C}"
EndProject
Global
	GlobalSection(SolutionConfigurationPlatforms) = preSolution
		Debug|Any CPU = Debug|Any CPU
		Release|Any CPU = Release|Any CPU
	EndGlobalSection
	GlobalSection(ProjectConfigurationPlatforms) = postSolution
		{B4FF0189-16D0-447E-AFED-F038BFC4949C}.Debug|Any CPU.ActiveCfg = Debug|Any CPU
		{B4FF0189-16D0-447E-AFED-F038BFC4949C}.Debug|Any CPU.Build.0 = Debug|Any CPU
		{B4FF0189-16D0-447E-AFED-F038BFC4949C}.Release|Any CPU.ActiveCfg = Release|Any CPU
		{B4FF0189-16D0-447E-AFED-F038BFC4949C}.Release|Any CPU.Build.0 = Release|Any CPU
	EndGlobalSection
	GlobalSection(SolutionProperties) = preSolution
		HideSolutionNode = FALSE
	EndGlobalSection
	GlobalSection(ExtensibilityGlobals) = postSolution
		SolutionGuid = {6B1016C7-1927-4C55-AB22-C776EDA443CF}
	EndGlobalSection
EndGlobal
