
Microsoft Visual Studio Solution File, Format Version 12.00
# Visual Studio Version 16
VisualStudioVersion = 16.0.31321.278
MinimumVisualStudioVersion = 10.0.40219.1
Project("{FAE04EC0-301F-11D3-BF4B-00C04F79EFBC}") = "TestConsola", "TestConsola\TestConsola.csproj", "{88E4546C-4CBD-4B2B-9658-86698119B067}"
EndProject
Project("{FAE04EC0-301F-11D3-BF4B-00C04F79EFBC}") = "Entidades", "Entidades\Entidades.csproj", "{9040A586-5184-4568-937E-D5DF9F8790E3}"
EndProject
Global
	GlobalSection(SolutionConfigurationPlatforms) = preSolution
		Debug|Any CPU = Debug|Any CPU
		Release|Any CPU = Release|Any CPU
	EndGlobalSection
	GlobalSection(ProjectConfigurationPlatforms) = postSolution
		{88E4546C-4CBD-4B2B-9658-86698119B067}.Debug|Any CPU.ActiveCfg = Debug|Any CPU
		{88E4546C-4CBD-4B2B-9658-86698119B067}.Debug|Any CPU.Build.0 = Debug|Any CPU
		{88E4546C-4CBD-4B2B-9658-86698119B067}.Release|Any CPU.ActiveCfg = Release|Any CPU
		{88E4546C-4CBD-4B2B-9658-86698119B067}.Release|Any CPU.Build.0 = Release|Any CPU
		{9040A586-5184-4568-937E-D5DF9F8790E3}.Debug|Any CPU.ActiveCfg = Debug|Any CPU
		{9040A586-5184-4568-937E-D5DF9F8790E3}.Debug|Any CPU.Build.0 = Debug|Any CPU
		{9040A586-5184-4568-937E-D5DF9F8790E3}.Release|Any CPU.ActiveCfg = Release|Any CPU
		{9040A586-5184-4568-937E-D5DF9F8790E3}.Release|Any CPU.Build.0 = Release|Any CPU
	EndGlobalSection
	GlobalSection(SolutionProperties) = preSolution
		HideSolutionNode = FALSE
	EndGlobalSection
	GlobalSection(ExtensibilityGlobals) = postSolution
		SolutionGuid = {059F2989-C825-43F0-BFBD-81FBD873F878}
	EndGlobalSection
EndGlobal
