
Microsoft Visual Studio Solution File, Format Version 12.00
# Visual Studio Version 16
VisualStudioVersion = 16.0.31313.79
MinimumVisualStudioVersion = 10.0.40219.1
Project("{FAE04EC0-301F-11D3-BF4B-00C04F79EFBC}") = "VistaForm", "ModeloEstacionamiento\VistaForm.csproj", "{72C0D7C6-58A2-4F75-BED7-270CC4CA0569}"
EndProject
Project("{FAE04EC0-301F-11D3-BF4B-00C04F79EFBC}") = "Entidades", "Entidades\Entidades.csproj", "{B0281BD5-1CEF-40D2-91B8-1D63B5CCB640}"
EndProject
Project("{FAE04EC0-301F-11D3-BF4B-00C04F79EFBC}") = "VistaConsola", "VistaConsola\VistaConsola.csproj", "{5BCF77B4-B6FD-4726-BB08-D91EF7694FDB}"
EndProject
Global
	GlobalSection(SolutionConfigurationPlatforms) = preSolution
		Debug|Any CPU = Debug|Any CPU
		Release|Any CPU = Release|Any CPU
	EndGlobalSection
	GlobalSection(ProjectConfigurationPlatforms) = postSolution
		{72C0D7C6-58A2-4F75-BED7-270CC4CA0569}.Debug|Any CPU.ActiveCfg = Debug|Any CPU
		{72C0D7C6-58A2-4F75-BED7-270CC4CA0569}.Debug|Any CPU.Build.0 = Debug|Any CPU
		{72C0D7C6-58A2-4F75-BED7-270CC4CA0569}.Release|Any CPU.ActiveCfg = Release|Any CPU
		{72C0D7C6-58A2-4F75-BED7-270CC4CA0569}.Release|Any CPU.Build.0 = Release|Any CPU
		{B0281BD5-1CEF-40D2-91B8-1D63B5CCB640}.Debug|Any CPU.ActiveCfg = Debug|Any CPU
		{B0281BD5-1CEF-40D2-91B8-1D63B5CCB640}.Debug|Any CPU.Build.0 = Debug|Any CPU
		{B0281BD5-1CEF-40D2-91B8-1D63B5CCB640}.Release|Any CPU.ActiveCfg = Release|Any CPU
		{B0281BD5-1CEF-40D2-91B8-1D63B5CCB640}.Release|Any CPU.Build.0 = Release|Any CPU
		{5BCF77B4-B6FD-4726-BB08-D91EF7694FDB}.Debug|Any CPU.ActiveCfg = Debug|Any CPU
		{5BCF77B4-B6FD-4726-BB08-D91EF7694FDB}.Debug|Any CPU.Build.0 = Debug|Any CPU
		{5BCF77B4-B6FD-4726-BB08-D91EF7694FDB}.Release|Any CPU.ActiveCfg = Release|Any CPU
		{5BCF77B4-B6FD-4726-BB08-D91EF7694FDB}.Release|Any CPU.Build.0 = Release|Any CPU
	EndGlobalSection
	GlobalSection(SolutionProperties) = preSolution
		HideSolutionNode = FALSE
	EndGlobalSection
	GlobalSection(ExtensibilityGlobals) = postSolution
		SolutionGuid = {A18A8182-961E-4C8F-A08D-D136BEE5F840}
	EndGlobalSection
EndGlobal
