
Microsoft Visual Studio Solution File, Format Version 12.00
# Visual Studio Version 16
VisualStudioVersion = 16.0.31129.286
MinimumVisualStudioVersion = 10.0.40219.1
Project("{FAE04EC0-301F-11D3-BF4B-00C04F79EFBC}") = "Ejercicio_21", "Ejercicio_21\Ejercicio_21.csproj", "{F2254595-7ADE-4346-A48F-A817772DF391}"
EndProject
Project("{FAE04EC0-301F-11D3-BF4B-00C04F79EFBC}") = "UnidadesTemperatura", "UnidadesTemperatura\UnidadesTemperatura.csproj", "{B2324032-345F-455E-87D7-B2CD54F0DD45}"
EndProject
Global
	GlobalSection(SolutionConfigurationPlatforms) = preSolution
		Debug|Any CPU = Debug|Any CPU
		Release|Any CPU = Release|Any CPU
	EndGlobalSection
	GlobalSection(ProjectConfigurationPlatforms) = postSolution
		{F2254595-7ADE-4346-A48F-A817772DF391}.Debug|Any CPU.ActiveCfg = Debug|Any CPU
		{F2254595-7ADE-4346-A48F-A817772DF391}.Debug|Any CPU.Build.0 = Debug|Any CPU
		{F2254595-7ADE-4346-A48F-A817772DF391}.Release|Any CPU.ActiveCfg = Release|Any CPU
		{F2254595-7ADE-4346-A48F-A817772DF391}.Release|Any CPU.Build.0 = Release|Any CPU
		{B2324032-345F-455E-87D7-B2CD54F0DD45}.Debug|Any CPU.ActiveCfg = Debug|Any CPU
		{B2324032-345F-455E-87D7-B2CD54F0DD45}.Debug|Any CPU.Build.0 = Debug|Any CPU
		{B2324032-345F-455E-87D7-B2CD54F0DD45}.Release|Any CPU.ActiveCfg = Release|Any CPU
		{B2324032-345F-455E-87D7-B2CD54F0DD45}.Release|Any CPU.Build.0 = Release|Any CPU
	EndGlobalSection
	GlobalSection(SolutionProperties) = preSolution
		HideSolutionNode = FALSE
	EndGlobalSection
	GlobalSection(ExtensibilityGlobals) = postSolution
		SolutionGuid = {4CA9069A-3DD7-46D7-9C71-A98AE15A4051}
	EndGlobalSection
EndGlobal
