
Microsoft Visual Studio Solution File, Format Version 12.00
# Visual Studio Version 16
VisualStudioVersion = 16.0.31129.286
MinimumVisualStudioVersion = 10.0.40219.1
Project("{FAE04EC0-301F-11D3-BF4B-00C04F79EFBC}") = "Ejercicio_19", "Ejercicio_19\Ejercicio_19.csproj", "{82705153-C5A9-446F-ABA6-CBCFF53AF4DE}"
EndProject
Global
	GlobalSection(SolutionConfigurationPlatforms) = preSolution
		Debug|Any CPU = Debug|Any CPU
		Release|Any CPU = Release|Any CPU
	EndGlobalSection
	GlobalSection(ProjectConfigurationPlatforms) = postSolution
		{82705153-C5A9-446F-ABA6-CBCFF53AF4DE}.Debug|Any CPU.ActiveCfg = Debug|Any CPU
		{82705153-C5A9-446F-ABA6-CBCFF53AF4DE}.Debug|Any CPU.Build.0 = Debug|Any CPU
		{82705153-C5A9-446F-ABA6-CBCFF53AF4DE}.Release|Any CPU.ActiveCfg = Release|Any CPU
		{82705153-C5A9-446F-ABA6-CBCFF53AF4DE}.Release|Any CPU.Build.0 = Release|Any CPU
	EndGlobalSection
	GlobalSection(SolutionProperties) = preSolution
		HideSolutionNode = FALSE
	EndGlobalSection
	GlobalSection(ExtensibilityGlobals) = postSolution
		SolutionGuid = {1BB4F2E3-2E96-41A7-91F1-8724F29F1BA1}
	EndGlobalSection
EndGlobal
