
Microsoft Visual Studio Solution File, Format Version 12.00
# Visual Studio Version 16
VisualStudioVersion = 16.0.31112.23
MinimumVisualStudioVersion = 10.0.40219.1
Project("{FAE04EC0-301F-11D3-BF4B-00C04F79EFBC}") = "Ejercicio_15", "Ejercicio_15.csproj", "{BC186096-1779-45FF-B487-30439F2CE33F}"
EndProject
Global
	GlobalSection(SolutionConfigurationPlatforms) = preSolution
		Debug|Any CPU = Debug|Any CPU
		Release|Any CPU = Release|Any CPU
	EndGlobalSection
	GlobalSection(ProjectConfigurationPlatforms) = postSolution
		{BC186096-1779-45FF-B487-30439F2CE33F}.Debug|Any CPU.ActiveCfg = Debug|Any CPU
		{BC186096-1779-45FF-B487-30439F2CE33F}.Debug|Any CPU.Build.0 = Debug|Any CPU
		{BC186096-1779-45FF-B487-30439F2CE33F}.Release|Any CPU.ActiveCfg = Release|Any CPU
		{BC186096-1779-45FF-B487-30439F2CE33F}.Release|Any CPU.Build.0 = Release|Any CPU
	EndGlobalSection
	GlobalSection(SolutionProperties) = preSolution
		HideSolutionNode = FALSE
	EndGlobalSection
	GlobalSection(ExtensibilityGlobals) = postSolution
		SolutionGuid = {1B2588EB-7060-4D36-927A-41E49C1B483D}
	EndGlobalSection
EndGlobal
