
Microsoft Visual Studio Solution File, Format Version 12.00
# Visual Studio Version 16
VisualStudioVersion = 16.0.31321.278
MinimumVisualStudioVersion = 10.0.40219.1
Project("{FAE04EC0-301F-11D3-BF4B-00C04F79EFBC}") = "Entidades", "Clase_16_TestUnitarios\Entidades.csproj", "{9877B43D-921E-414A-BB78-35A8E5B7B11F}"
EndProject
Project("{FAE04EC0-301F-11D3-BF4B-00C04F79EFBC}") = "Test_Unitarios", "Test_Vendedor\Test_Unitarios.csproj", "{349D483A-4F5F-40A0-A798-B7E001F8D7A7}"
EndProject
Global
	GlobalSection(SolutionConfigurationPlatforms) = preSolution
		Debug|Any CPU = Debug|Any CPU
		Release|Any CPU = Release|Any CPU
	EndGlobalSection
	GlobalSection(ProjectConfigurationPlatforms) = postSolution
		{9877B43D-921E-414A-BB78-35A8E5B7B11F}.Debug|Any CPU.ActiveCfg = Debug|Any CPU
		{9877B43D-921E-414A-BB78-35A8E5B7B11F}.Debug|Any CPU.Build.0 = Debug|Any CPU
		{9877B43D-921E-414A-BB78-35A8E5B7B11F}.Release|Any CPU.ActiveCfg = Release|Any CPU
		{9877B43D-921E-414A-BB78-35A8E5B7B11F}.Release|Any CPU.Build.0 = Release|Any CPU
		{349D483A-4F5F-40A0-A798-B7E001F8D7A7}.Debug|Any CPU.ActiveCfg = Debug|Any CPU
		{349D483A-4F5F-40A0-A798-B7E001F8D7A7}.Debug|Any CPU.Build.0 = Debug|Any CPU
		{349D483A-4F5F-40A0-A798-B7E001F8D7A7}.Release|Any CPU.ActiveCfg = Release|Any CPU
		{349D483A-4F5F-40A0-A798-B7E001F8D7A7}.Release|Any CPU.Build.0 = Release|Any CPU
	EndGlobalSection
	GlobalSection(SolutionProperties) = preSolution
		HideSolutionNode = FALSE
	EndGlobalSection
	GlobalSection(ExtensibilityGlobals) = postSolution
		SolutionGuid = {2E27C09E-0F2A-4D54-85D2-87057EDD8111}
	EndGlobalSection
EndGlobal
