
Microsoft Visual Studio Solution File, Format Version 12.00
# Visual Studio Version 16
VisualStudioVersion = 16.0.31112.23
MinimumVisualStudioVersion = 10.0.40219.1
Project("{FAE04EC0-301F-11D3-BF4B-00C04F79EFBC}") = "Ejercicio_14", "Ejercicio_14.csproj", "{04EE0040-1D04-4F3F-B75C-2572D2057DCC}"
EndProject
Global
	GlobalSection(SolutionConfigurationPlatforms) = preSolution
		Debug|Any CPU = Debug|Any CPU
		Release|Any CPU = Release|Any CPU
	EndGlobalSection
	GlobalSection(ProjectConfigurationPlatforms) = postSolution
		{04EE0040-1D04-4F3F-B75C-2572D2057DCC}.Debug|Any CPU.ActiveCfg = Debug|Any CPU
		{04EE0040-1D04-4F3F-B75C-2572D2057DCC}.Debug|Any CPU.Build.0 = Debug|Any CPU
		{04EE0040-1D04-4F3F-B75C-2572D2057DCC}.Release|Any CPU.ActiveCfg = Release|Any CPU
		{04EE0040-1D04-4F3F-B75C-2572D2057DCC}.Release|Any CPU.Build.0 = Release|Any CPU
	EndGlobalSection
	GlobalSection(SolutionProperties) = preSolution
		HideSolutionNode = FALSE
	EndGlobalSection
	GlobalSection(ExtensibilityGlobals) = postSolution
		SolutionGuid = {6C8F177D-F1BE-45A3-9877-7C07A68DE9F2}
	EndGlobalSection
EndGlobal
