
Microsoft Visual Studio Solution File, Format Version 12.00
# Visual Studio Version 16
VisualStudioVersion = 16.0.31321.278
MinimumVisualStudioVersion = 10.0.40219.1
Project("{FAE04EC0-301F-11D3-BF4B-00C04F79EFBC}") = "Clase_19_Archivos", "Clase_19_Archivos\Clase_19_Archivos.csproj", "{484F2F52-D6CF-4484-9251-46E109F2C67C}"
EndProject
Project("{FAE04EC0-301F-11D3-BF4B-00C04F79EFBC}") = "Entidades", "Entidades\Entidades.csproj", "{18492DDA-AF47-430E-B80F-FB43A2FB9F32}"
EndProject
Global
	GlobalSection(SolutionConfigurationPlatforms) = preSolution
		Debug|Any CPU = Debug|Any CPU
		Release|Any CPU = Release|Any CPU
	EndGlobalSection
	GlobalSection(ProjectConfigurationPlatforms) = postSolution
		{484F2F52-D6CF-4484-9251-46E109F2C67C}.Debug|Any CPU.ActiveCfg = Debug|Any CPU
		{484F2F52-D6CF-4484-9251-46E109F2C67C}.Debug|Any CPU.Build.0 = Debug|Any CPU
		{484F2F52-D6CF-4484-9251-46E109F2C67C}.Release|Any CPU.ActiveCfg = Release|Any CPU
		{484F2F52-D6CF-4484-9251-46E109F2C67C}.Release|Any CPU.Build.0 = Release|Any CPU
		{18492DDA-AF47-430E-B80F-FB43A2FB9F32}.Debug|Any CPU.ActiveCfg = Debug|Any CPU
		{18492DDA-AF47-430E-B80F-FB43A2FB9F32}.Debug|Any CPU.Build.0 = Debug|Any CPU
		{18492DDA-AF47-430E-B80F-FB43A2FB9F32}.Release|Any CPU.ActiveCfg = Release|Any CPU
		{18492DDA-AF47-430E-B80F-FB43A2FB9F32}.Release|Any CPU.Build.0 = Release|Any CPU
	EndGlobalSection
	GlobalSection(SolutionProperties) = preSolution
		HideSolutionNode = FALSE
	EndGlobalSection
	GlobalSection(ExtensibilityGlobals) = postSolution
		SolutionGuid = {CA6E9FC9-8F83-47E1-8557-40251B39509B}
	EndGlobalSection
EndGlobal
