
Microsoft Visual Studio Solution File, Format Version 12.00
# Visual Studio Version 16
VisualStudioVersion = 16.0.31205.134
MinimumVisualStudioVersion = 10.0.40219.1
Project("{FAE04EC0-301F-11D3-BF4B-00C04F79EFBC}") = "TestEstante", "Producto\TestEstante.csproj", "{CD8D0744-D04D-43A3-9A63-075D99039791}"
EndProject
Project("{FAE04EC0-301F-11D3-BF4B-00C04F79EFBC}") = "Entidades", "Entidades\Entidades.csproj", "{ED727D59-B273-4E78-BFEE-A9A8BFFABB59}"
EndProject
Global
	GlobalSection(SolutionConfigurationPlatforms) = preSolution
		Debug|Any CPU = Debug|Any CPU
		Release|Any CPU = Release|Any CPU
	EndGlobalSection
	GlobalSection(ProjectConfigurationPlatforms) = postSolution
		{CD8D0744-D04D-43A3-9A63-075D99039791}.Debug|Any CPU.ActiveCfg = Debug|Any CPU
		{CD8D0744-D04D-43A3-9A63-075D99039791}.Debug|Any CPU.Build.0 = Debug|Any CPU
		{CD8D0744-D04D-43A3-9A63-075D99039791}.Release|Any CPU.ActiveCfg = Release|Any CPU
		{CD8D0744-D04D-43A3-9A63-075D99039791}.Release|Any CPU.Build.0 = Release|Any CPU
		{ED727D59-B273-4E78-BFEE-A9A8BFFABB59}.Debug|Any CPU.ActiveCfg = Debug|Any CPU
		{ED727D59-B273-4E78-BFEE-A9A8BFFABB59}.Debug|Any CPU.Build.0 = Debug|Any CPU
		{ED727D59-B273-4E78-BFEE-A9A8BFFABB59}.Release|Any CPU.ActiveCfg = Release|Any CPU
		{ED727D59-B273-4E78-BFEE-A9A8BFFABB59}.Release|Any CPU.Build.0 = Release|Any CPU
	EndGlobalSection
	GlobalSection(SolutionProperties) = preSolution
		HideSolutionNode = FALSE
	EndGlobalSection
	GlobalSection(ExtensibilityGlobals) = postSolution
		SolutionGuid = {0ADB1FA8-D595-4FAD-89E0-1C5C3795BD22}
	EndGlobalSection
EndGlobal
