
Microsoft Visual Studio Solution File, Format Version 12.00
# Visual Studio Version 16
VisualStudioVersion = 16.0.31205.134
MinimumVisualStudioVersion = 10.0.40219.1
Project("{FAE04EC0-301F-11D3-BF4B-00C04F79EFBC}") = "Ejercicio_37", "Ejercicio_37\Ejercicio_37.csproj", "{46BBF2C4-ABB8-4600-A21D-B2D65B877B60}"
EndProject
Project("{FAE04EC0-301F-11D3-BF4B-00C04F79EFBC}") = "CentralitaHerencia", "CentralitaHerencia\CentralitaHerencia.csproj", "{590C9402-46DB-4F3F-9511-F7B398424EA8}"
EndProject
Project("{FAE04EC0-301F-11D3-BF4B-00C04F79EFBC}") = "FrmMenu", "FrmMenu\FrmMenu.csproj", "{B9EC57BA-B5A1-4BB3-ACB1-3354EE2E3420}"
EndProject
Global
	GlobalSection(SolutionConfigurationPlatforms) = preSolution
		Debug|Any CPU = Debug|Any CPU
		Release|Any CPU = Release|Any CPU
	EndGlobalSection
	GlobalSection(ProjectConfigurationPlatforms) = postSolution
		{46BBF2C4-ABB8-4600-A21D-B2D65B877B60}.Debug|Any CPU.ActiveCfg = Debug|Any CPU
		{46BBF2C4-ABB8-4600-A21D-B2D65B877B60}.Debug|Any CPU.Build.0 = Debug|Any CPU
		{46BBF2C4-ABB8-4600-A21D-B2D65B877B60}.Release|Any CPU.ActiveCfg = Release|Any CPU
		{46BBF2C4-ABB8-4600-A21D-B2D65B877B60}.Release|Any CPU.Build.0 = Release|Any CPU
		{590C9402-46DB-4F3F-9511-F7B398424EA8}.Debug|Any CPU.ActiveCfg = Debug|Any CPU
		{590C9402-46DB-4F3F-9511-F7B398424EA8}.Debug|Any CPU.Build.0 = Debug|Any CPU
		{590C9402-46DB-4F3F-9511-F7B398424EA8}.Release|Any CPU.ActiveCfg = Release|Any CPU
		{590C9402-46DB-4F3F-9511-F7B398424EA8}.Release|Any CPU.Build.0 = Release|Any CPU
		{B9EC57BA-B5A1-4BB3-ACB1-3354EE2E3420}.Debug|Any CPU.ActiveCfg = Debug|Any CPU
		{B9EC57BA-B5A1-4BB3-ACB1-3354EE2E3420}.Debug|Any CPU.Build.0 = Debug|Any CPU
		{B9EC57BA-B5A1-4BB3-ACB1-3354EE2E3420}.Release|Any CPU.ActiveCfg = Release|Any CPU
		{B9EC57BA-B5A1-4BB3-ACB1-3354EE2E3420}.Release|Any CPU.Build.0 = Release|Any CPU
	EndGlobalSection
	GlobalSection(SolutionProperties) = preSolution
		HideSolutionNode = FALSE
	EndGlobalSection
	GlobalSection(ExtensibilityGlobals) = postSolution
		SolutionGuid = {6BB2F8DC-6061-4A41-8AD0-98602BF52292}
	EndGlobalSection
EndGlobal
